
Microsoft Visual Studio Solution File, Format Version 12.00
# Visual Studio Version 16
VisualStudioVersion = 16.0.30717.126
MinimumVisualStudioVersion = 10.0.40219.1
Project("{FAE04EC0-301F-11D3-BF4B-00C04F79EFBC}") = "marketsatisotomasyonu", "marketsatisotomasyonu\marketsatisotomasyonu.csproj", "{AD4AC294-AC35-49A7-A142-2CC5015D9F9A}"
EndProject
Global
	GlobalSection(SolutionConfigurationPlatforms) = preSolution
		Debug|Any CPU = Debug|Any CPU
		Release|Any CPU = Release|Any CPU
	EndGlobalSection
	GlobalSection(ProjectConfigurationPlatforms) = postSolution
		{AD4AC294-AC35-49A7-A142-2CC5015D9F9A}.Debug|Any CPU.ActiveCfg = Debug|Any CPU
		{AD4AC294-AC35-49A7-A142-2CC5015D9F9A}.Debug|Any CPU.Build.0 = Debug|Any CPU
		{AD4AC294-AC35-49A7-A142-2CC5015D9F9A}.Release|Any CPU.ActiveCfg = Release|Any CPU
		{AD4AC294-AC35-49A7-A142-2CC5015D9F9A}.Release|Any CPU.Build.0 = Release|Any CPU
	EndGlobalSection
	GlobalSection(SolutionProperties) = preSolution
		HideSolutionNode = FALSE
	EndGlobalSection
	GlobalSection(ExtensibilityGlobals) = postSolution
		SolutionGuid = {7A08BAE7-9FCA-42FF-9BD2-8F0F305A297F}
	EndGlobalSection
EndGlobal
